
Microsoft Visual Studio Solution File, Format Version 12.00
# Visual Studio 14
VisualStudioVersion = 14.0.23107.0
MinimumVisualStudioVersion = 10.0.40219.1
Project("{8BC9CEB8-8B4A-11D0-8D11-00A0C91BC942}") = "libass", "libass.vcxproj", "{C1D41FF9-77E0-4AC4-A4FD-7D7CDCCC17F7}"
	ProjectSection(ProjectDependencies) = postProject
		{FCDCE6B6-081E-4EC2-8A1B-851F598523B1} = {FCDCE6B6-081E-4EC2-8A1B-851F598523B1}
	EndProjectSection
EndProject
Project("{8BC9CEB8-8B4A-11D0-8D11-00A0C91BC942}") = "fribidi-0.19.7", "fribidi-0.19.7\fribidi-0.19.7.vcxproj", "{FCDCE6B6-081E-4EC2-8A1B-851F598523B1}"
EndProject
Project("{8BC9CEB8-8B4A-11D0-8D11-00A0C91BC942}") = "test", "test\test.vcxproj", "{CB7FABD1-1F86-4B1C-BC1B-EB0C78785092}"
	ProjectSection(ProjectDependencies) = postProject
		{C1D41FF9-77E0-4AC4-A4FD-7D7CDCCC17F7} = {C1D41FF9-77E0-4AC4-A4FD-7D7CDCCC17F7}
	EndProjectSection
EndProject
Global
	GlobalSection(SolutionConfigurationPlatforms) = preSolution
		Debug Multithreaded|x64 = Debug Multithreaded|x64
		Debug Multithreaded|x86 = Debug Multithreaded|x86
		Debug Singlethreaded|x64 = Debug Singlethreaded|x64
		Debug Singlethreaded|x86 = Debug Singlethreaded|x86
		Debug|x64 = Debug|x64
		Debug|x86 = Debug|x86
		DLL Debug|x64 = DLL Debug|x64
		DLL Debug|x86 = DLL Debug|x86
		DLL Release|x64 = DLL Release|x64
		DLL Release|x86 = DLL Release|x86
		DLL VB|x64 = DLL VB|x64
		DLL VB|x86 = DLL VB|x86
		LIB Debug|x64 = LIB Debug|x64
		LIB Debug|x86 = LIB Debug|x86
		LIB Release|x64 = LIB Release|x64
		LIB Release|x86 = LIB Release|x86
		Release Multithreaded|x64 = Release Multithreaded|x64
		Release Multithreaded|x86 = Release Multithreaded|x86
		Release Singlethreaded|x64 = Release Singlethreaded|x64
		Release Singlethreaded|x86 = Release Singlethreaded|x86
		Release|x64 = Release|x64
		Release|x86 = Release|x86
	EndGlobalSection
	GlobalSection(ProjectConfigurationPlatforms) = postSolution
		{C1D41FF9-77E0-4AC4-A4FD-7D7CDCCC17F7}.Debug Multithreaded|x64.ActiveCfg = Debug|x64
		{C1D41FF9-77E0-4AC4-A4FD-7D7CDCCC17F7}.Debug Multithreaded|x64.Build.0 = Debug|x64
		{C1D41FF9-77E0-4AC4-A4FD-7D7CDCCC17F7}.Debug Multithreaded|x86.ActiveCfg = Debug|Win32
		{C1D41FF9-77E0-4AC4-A4FD-7D7CDCCC17F7}.Debug Multithreaded|x86.Build.0 = Debug|Win32
		{C1D41FF9-77E0-4AC4-A4FD-7D7CDCCC17F7}.Debug Singlethreaded|x64.ActiveCfg = Debug|x64
		{C1D41FF9-77E0-4AC4-A4FD-7D7CDCCC17F7}.Debug Singlethreaded|x64.Build.0 = Debug|x64
		{C1D41FF9-77E0-4AC4-A4FD-7D7CDCCC17F7}.Debug Singlethreaded|x86.ActiveCfg = Debug|Win32
		{C1D41FF9-77E0-4AC4-A4FD-7D7CDCCC17F7}.Debug Singlethreaded|x86.Build.0 = Debug|Win32
		{C1D41FF9-77E0-4AC4-A4FD-7D7CDCCC17F7}.Debug|x64.ActiveCfg = Debug|x64
		{C1D41FF9-77E0-4AC4-A4FD-7D7CDCCC17F7}.Debug|x64.Build.0 = Debug|x64
		{C1D41FF9-77E0-4AC4-A4FD-7D7CDCCC17F7}.Debug|x86.ActiveCfg = Debug|Win32
		{C1D41FF9-77E0-4AC4-A4FD-7D7CDCCC17F7}.Debug|x86.Build.0 = Debug|Win32
		{C1D41FF9-77E0-4AC4-A4FD-7D7CDCCC17F7}.DLL Debug|x64.ActiveCfg = Debug|x64
		{C1D41FF9-77E0-4AC4-A4FD-7D7CDCCC17F7}.DLL Debug|x64.Build.0 = Debug|x64
		{C1D41FF9-77E0-4AC4-A4FD-7D7CDCCC17F7}.DLL Debug|x86.ActiveCfg = Debug|Win32
		{C1D41FF9-77E0-4AC4-A4FD-7D7CDCCC17F7}.DLL Debug|x86.Build.0 = Debug|Win32
		{C1D41FF9-77E0-4AC4-A4FD-7D7CDCCC17F7}.DLL Release|x64.ActiveCfg = Release|x64
		{C1D41FF9-77E0-4AC4-A4FD-7D7CDCCC17F7}.DLL Release|x64.Build.0 = Release|x64
		{C1D41FF9-77E0-4AC4-A4FD-7D7CDCCC17F7}.DLL Release|x86.ActiveCfg = Release|Win32
		{C1D41FF9-77E0-4AC4-A4FD-7D7CDCCC17F7}.DLL Release|x86.Build.0 = Release|Win32
		{C1D41FF9-77E0-4AC4-A4FD-7D7CDCCC17F7}.DLL VB|x64.ActiveCfg = Debug|x64
		{C1D41FF9-77E0-4AC4-A4FD-7D7CDCCC17F7}.DLL VB|x64.Build.0 = Debug|x64
		{C1D41FF9-77E0-4AC4-A4FD-7D7CDCCC17F7}.DLL VB|x86.ActiveCfg = Debug|Win32
		{C1D41FF9-77E0-4AC4-A4FD-7D7CDCCC17F7}.DLL VB|x86.Build.0 = Debug|Win32
		{C1D41FF9-77E0-4AC4-A4FD-7D7CDCCC17F7}.LIB Debug|x64.ActiveCfg = Debug|x64
		{C1D41FF9-77E0-4AC4-A4FD-7D7CDCCC17F7}.LIB Debug|x64.Build.0 = Debug|x64
		{C1D41FF9-77E0-4AC4-A4FD-7D7CDCCC17F7}.LIB Debug|x86.ActiveCfg = Debug|Win32
		{C1D41FF9-77E0-4AC4-A4FD-7D7CDCCC17F7}.LIB Debug|x86.Build.0 = Debug|Win32
		{C1D41FF9-77E0-4AC4-A4FD-7D7CDCCC17F7}.LIB Release|x64.ActiveCfg = Release|x64
		{C1D41FF9-77E0-4AC4-A4FD-7D7CDCCC17F7}.LIB Release|x64.Build.0 = Release|x64
		{C1D41FF9-77E0-4AC4-A4FD-7D7CDCCC17F7}.LIB Release|x86.ActiveCfg = Release|Win32
		{C1D41FF9-77E0-4AC4-A4FD-7D7CDCCC17F7}.LIB Release|x86.Build.0 = Release|Win32
		{C1D41FF9-77E0-4AC4-A4FD-7D7CDCCC17F7}.Release Multithreaded|x64.ActiveCfg = Release|x64
		{C1D41FF9-77E0-4AC4-A4FD-7D7CDCCC17F7}.Release Multithreaded|x64.Build.0 = Release|x64
		{C1D41FF9-77E0-4AC4-A4FD-7D7CDCCC17F7}.Release Multithreaded|x86.ActiveCfg = Release|Win32
		{C1D41FF9-77E0-4AC4-A4FD-7D7CDCCC17F7}.Release Multithreaded|x86.Build.0 = Release|Win32
		{C1D41FF9-77E0-4AC4-A4FD-7D7CDCCC17F7}.Release Singlethreaded|x64.ActiveCfg = Release|x64
		{C1D41FF9-77E0-4AC4-A4FD-7D7CDCCC17F7}.Release Singlethreaded|x64.Build.0 = Release|x64
		{C1D41FF9-77E0-4AC4-A4FD-7D7CDCCC17F7}.Release Singlethreaded|x86.ActiveCfg = Release|Win32
		{C1D41FF9-77E0-4AC4-A4FD-7D7CDCCC17F7}.Release Singlethreaded|x86.Build.0 = Release|Win32
		{C1D41FF9-77E0-4AC4-A4FD-7D7CDCCC17F7}.Release|x64.ActiveCfg = Release|x64
		{C1D41FF9-77E0-4AC4-A4FD-7D7CDCCC17F7}.Release|x64.Build.0 = Release|x64
		{C1D41FF9-77E0-4AC4-A4FD-7D7CDCCC17F7}.Release|x86.ActiveCfg = Release|Win32
		{C1D41FF9-77E0-4AC4-A4FD-7D7CDCCC17F7}.Release|x86.Build.0 = Release|Win32
		{FCDCE6B6-081E-4EC2-8A1B-851F598523B1}.Debug Multithreaded|x64.ActiveCfg = Debug|x64
		{FCDCE6B6-081E-4EC2-8A1B-851F598523B1}.Debug Multithreaded|x64.Build.0 = Debug|x64
		{FCDCE6B6-081E-4EC2-8A1B-851F598523B1}.Debug Multithreaded|x86.ActiveCfg = Debug|Win32
		{FCDCE6B6-081E-4EC2-8A1B-851F598523B1}.Debug Multithreaded|x86.Build.0 = Debug|Win32
		{FCDCE6B6-081E-4EC2-8A1B-851F598523B1}.Debug Singlethreaded|x64.ActiveCfg = Debug|x64
		{FCDCE6B6-081E-4EC2-8A1B-851F598523B1}.Debug Singlethreaded|x64.Build.0 = Debug|x64
		{FCDCE6B6-081E-4EC2-8A1B-851F598523B1}.Debug Singlethreaded|x86.ActiveCfg = Debug|Win32
		{FCDCE6B6-081E-4EC2-8A1B-851F598523B1}.Debug Singlethreaded|x86.Build.0 = Debug|Win32
		{FCDCE6B6-081E-4EC2-8A1B-851F598523B1}.Debug|x64.ActiveCfg = Debug|x64
		{FCDCE6B6-081E-4EC2-8A1B-851F598523B1}.Debug|x64.Build.0 = Debug|x64
		{FCDCE6B6-081E-4EC2-8A1B-851F598523B1}.Debug|x86.ActiveCfg = Debug|Win32
		{FCDCE6B6-081E-4EC2-8A1B-851F598523B1}.Debug|x86.Build.0 = Debug|Win32
		{FCDCE6B6-081E-4EC2-8A1B-851F598523B1}.DLL Debug|x64.ActiveCfg = Debug|x64
		{FCDCE6B6-081E-4EC2-8A1B-851F598523B1}.DLL Debug|x64.Build.0 = Debug|x64
		{FCDCE6B6-081E-4EC2-8A1B-851F598523B1}.DLL Debug|x86.ActiveCfg = Debug|Win32
		{FCDCE6B6-081E-4EC2-8A1B-851F598523B1}.DLL Debug|x86.Build.0 = Debug|Win32
		{FCDCE6B6-081E-4EC2-8A1B-851F598523B1}.DLL Release|x64.ActiveCfg = Release|x64
		{FCDCE6B6-081E-4EC2-8A1B-851F598523B1}.DLL Release|x64.Build.0 = Release|x64
		{FCDCE6B6-081E-4EC2-8A1B-851F598523B1}.DLL Release|x86.ActiveCfg = Release|Win32
		{FCDCE6B6-081E-4EC2-8A1B-851F598523B1}.DLL Release|x86.Build.0 = Release|Win32
		{FCDCE6B6-081E-4EC2-8A1B-851F598523B1}.DLL VB|x64.ActiveCfg = Debug|x64
		{FCDCE6B6-081E-4EC2-8A1B-851F598523B1}.DLL VB|x64.Build.0 = Debug|x64
		{FCDCE6B6-081E-4EC2-8A1B-851F598523B1}.DLL VB|x86.ActiveCfg = Debug|Win32
		{FCDCE6B6-081E-4EC2-8A1B-851F598523B1}.DLL VB|x86.Build.0 = Debug|Win32
		{FCDCE6B6-081E-4EC2-8A1B-851F598523B1}.LIB Debug|x64.ActiveCfg = Debug|x64
		{FCDCE6B6-081E-4EC2-8A1B-851F598523B1}.LIB Debug|x64.Build.0 = Debug|x64
		{FCDCE6B6-081E-4EC2-8A1B-851F598523B1}.LIB Debug|x86.ActiveCfg = Debug|Win32
		{FCDCE6B6-081E-4EC2-8A1B-851F598523B1}.LIB Debug|x86.Build.0 = Debug|Win32
		{FCDCE6B6-081E-4EC2-8A1B-851F598523B1}.LIB Release|x64.ActiveCfg = Release|x64
		{FCDCE6B6-081E-4EC2-8A1B-851F598523B1}.LIB Release|x64.Build.0 = Release|x64
		{FCDCE6B6-081E-4EC2-8A1B-851F598523B1}.LIB Release|x86.ActiveCfg = Release|Win32
		{FCDCE6B6-081E-4EC2-8A1B-851F598523B1}.LIB Release|x86.Build.0 = Release|Win32
		{FCDCE6B6-081E-4EC2-8A1B-851F598523B1}.Release Multithreaded|x64.ActiveCfg = Release|x64
		{FCDCE6B6-081E-4EC2-8A1B-851F598523B1}.Release Multithreaded|x64.Build.0 = Release|x64
		{FCDCE6B6-081E-4EC2-8A1B-851F598523B1}.Release Multithreaded|x86.ActiveCfg = Release|Win32
		{FCDCE6B6-081E-4EC2-8A1B-851F598523B1}.Release Multithreaded|x86.Build.0 = Release|Win32
		{FCDCE6B6-081E-4EC2-8A1B-851F598523B1}.Release Singlethreaded|x64.ActiveCfg = Release|x64
		{FCDCE6B6-081E-4EC2-8A1B-851F598523B1}.Release Singlethreaded|x64.Build.0 = Release|x64
		{FCDCE6B6-081E-4EC2-8A1B-851F598523B1}.Release Singlethreaded|x86.ActiveCfg = Release|Win32
		{FCDCE6B6-081E-4EC2-8A1B-851F598523B1}.Release Singlethreaded|x86.Build.0 = Release|Win32
		{FCDCE6B6-081E-4EC2-8A1B-851F598523B1}.Release|x64.ActiveCfg = Release|x64
		{FCDCE6B6-081E-4EC2-8A1B-851F598523B1}.Release|x64.Build.0 = Release|x64
		{FCDCE6B6-081E-4EC2-8A1B-851F598523B1}.Release|x86.ActiveCfg = Release|Win32
		{FCDCE6B6-081E-4EC2-8A1B-851F598523B1}.Release|x86.Build.0 = Release|Win32
		{CB7FABD1-1F86-4B1C-BC1B-EB0C78785092}.Debug Multithreaded|x64.ActiveCfg = Debug|x64
		{CB7FABD1-1F86-4B1C-BC1B-EB0C78785092}.Debug Multithreaded|x64.Build.0 = Debug|x64
		{CB7FABD1-1F86-4B1C-BC1B-EB0C78785092}.Debug Multithreaded|x86.ActiveCfg = Debug|Win32
		{CB7FABD1-1F86-4B1C-BC1B-EB0C78785092}.Debug Multithreaded|x86.Build.0 = Debug|Win32
		{CB7FABD1-1F86-4B1C-BC1B-EB0C78785092}.Debug Singlethreaded|x64.ActiveCfg = Debug|x64
		{CB7FABD1-1F86-4B1C-BC1B-EB0C78785092}.Debug Singlethreaded|x64.Build.0 = Debug|x64
		{CB7FABD1-1F86-4B1C-BC1B-EB0C78785092}.Debug Singlethreaded|x86.ActiveCfg = Debug|Win32
		{CB7FABD1-1F86-4B1C-BC1B-EB0C78785092}.Debug Singlethreaded|x86.Build.0 = Debug|Win32
		{CB7FABD1-1F86-4B1C-BC1B-EB0C78785092}.Debug|x64.ActiveCfg = Debug|x64
		{CB7FABD1-1F86-4B1C-BC1B-EB0C78785092}.Debug|x64.Build.0 = Debug|x64
		{CB7FABD1-1F86-4B1C-BC1B-EB0C78785092}.Debug|x86.ActiveCfg = Debug|Win32
		{CB7FABD1-1F86-4B1C-BC1B-EB0C78785092}.Debug|x86.Build.0 = Debug|Win32
		{CB7FABD1-1F86-4B1C-BC1B-EB0C78785092}.DLL Debug|x64.ActiveCfg = Debug|x64
		{CB7FABD1-1F86-4B1C-BC1B-EB0C78785092}.DLL Debug|x64.Build.0 = Debug|x64
		{CB7FABD1-1F86-4B1C-BC1B-EB0C78785092}.DLL Debug|x86.ActiveCfg = Debug|Win32
		{CB7FABD1-1F86-4B1C-BC1B-EB0C78785092}.DLL Debug|x86.Build.0 = Debug|Win32
		{CB7FABD1-1F86-4B1C-BC1B-EB0C78785092}.DLL Release|x64.ActiveCfg = Release|x64
		{CB7FABD1-1F86-4B1C-BC1B-EB0C78785092}.DLL Release|x64.Build.0 = Release|x64
		{CB7FABD1-1F86-4B1C-BC1B-EB0C78785092}.DLL Release|x86.ActiveCfg = Release|Win32
		{CB7FABD1-1F86-4B1C-BC1B-EB0C78785092}.DLL Release|x86.Build.0 = Release|Win32
		{CB7FABD1-1F86-4B1C-BC1B-EB0C78785092}.DLL VB|x64.ActiveCfg = Debug|x64
		{CB7FABD1-1F86-4B1C-BC1B-EB0C78785092}.DLL VB|x64.Build.0 = Debug|x64
		{CB7FABD1-1F86-4B1C-BC1B-EB0C78785092}.DLL VB|x86.ActiveCfg = Debug|Win32
		{CB7FABD1-1F86-4B1C-BC1B-EB0C78785092}.DLL VB|x86.Build.0 = Debug|Win32
		{CB7FABD1-1F86-4B1C-BC1B-EB0C78785092}.LIB Debug|x64.ActiveCfg = Debug|x64
		{CB7FABD1-1F86-4B1C-BC1B-EB0C78785092}.LIB Debug|x64.Build.0 = Debug|x64
		{CB7FABD1-1F86-4B1C-BC1B-EB0C78785092}.LIB Debug|x86.ActiveCfg = Debug|Win32
		{CB7FABD1-1F86-4B1C-BC1B-EB0C78785092}.LIB Debug|x86.Build.0 = Debug|Win32
		{CB7FABD1-1F86-4B1C-BC1B-EB0C78785092}.LIB Release|x64.ActiveCfg = Release|x64
		{CB7FABD1-1F86-4B1C-BC1B-EB0C78785092}.LIB Release|x64.Build.0 = Release|x64
		{CB7FABD1-1F86-4B1C-BC1B-EB0C78785092}.LIB Release|x86.ActiveCfg = Release|Win32
		{CB7FABD1-1F86-4B1C-BC1B-EB0C78785092}.LIB Release|x86.Build.0 = Release|Win32
		{CB7FABD1-1F86-4B1C-BC1B-EB0C78785092}.Release Multithreaded|x64.ActiveCfg = Release|x64
		{CB7FABD1-1F86-4B1C-BC1B-EB0C78785092}.Release Multithreaded|x64.Build.0 = Release|x64
		{CB7FABD1-1F86-4B1C-BC1B-EB0C78785092}.Release Multithreaded|x86.ActiveCfg = Release|Win32
		{CB7FABD1-1F86-4B1C-BC1B-EB0C78785092}.Release Multithreaded|x86.Build.0 = Release|Win32
		{CB7FABD1-1F86-4B1C-BC1B-EB0C78785092}.Release Singlethreaded|x64.ActiveCfg = Release|x64
		{CB7FABD1-1F86-4B1C-BC1B-EB0C78785092}.Release Singlethreaded|x64.Build.0 = Release|x64
		{CB7FABD1-1F86-4B1C-BC1B-EB0C78785092}.Release Singlethreaded|x86.ActiveCfg = Release|Win32
		{CB7FABD1-1F86-4B1C-BC1B-EB0C78785092}.Release Singlethreaded|x86.Build.0 = Release|Win32
		{CB7FABD1-1F86-4B1C-BC1B-EB0C78785092}.Release|x64.ActiveCfg = Release|x64
		{CB7FABD1-1F86-4B1C-BC1B-EB0C78785092}.Release|x64.Build.0 = Release|x64
		{CB7FABD1-1F86-4B1C-BC1B-EB0C78785092}.Release|x86.ActiveCfg = Release|Win32
		{CB7FABD1-1F86-4B1C-BC1B-EB0C78785092}.Release|x86.Build.0 = Release|Win32
	EndGlobalSection
	GlobalSection(SolutionProperties) = preSolution
		HideSolutionNode = FALSE
	EndGlobalSection
EndGlobal
